
Microsoft Visual Studio Solution File, Format Version 12.00
# Visual Studio Version 17
VisualStudioVersion = 17.10.34928.147
MinimumVisualStudioVersion = 10.0.40219.1
Project("{FAE04EC0-301F-11D3-BF4B-00C04F79EFBC}") = "RVAProject.Common", "RVAProject.Common\RVAProject.Common.csproj", "{65AA98B6-A2B8-4776-B926-437E6312958E}"
EndProject
Project("{FAE04EC0-301F-11D3-BF4B-00C04F79EFBC}") = "RVAProject.Contracts", "RVAProject.Contracts\RVAProject.Contracts.csproj", "{EB1BE3A4-8404-4929-BA14-33E38386A270}"
EndProject
Project("{FAE04EC0-301F-11D3-BF4B-00C04F79EFBC}") = "RVAProject.ClientApp", "RVAProject.ClientApp\RVAProject.ClientApp.csproj", "{635E94BE-2B76-4F75-A6FB-C35380B09051}"
	ProjectSection(ProjectDependencies) = postProject
		{357BF3C8-7905-4F92-B552-528CFDB73A53} = {357BF3C8-7905-4F92-B552-528CFDB73A53}
	EndProjectSection
EndProject
Project("{FAE04EC0-301F-11D3-BF4B-00C04F79EFBC}") = "RVAProject.AppServices", "RVAProject.AppServices\RVAProject.AppServices.csproj", "{357BF3C8-7905-4F92-B552-528CFDB73A53}"
EndProject
Global
	GlobalSection(SolutionConfigurationPlatforms) = preSolution
		Debug|Any CPU = Debug|Any CPU
		Release|Any CPU = Release|Any CPU
	EndGlobalSection
	GlobalSection(ProjectConfigurationPlatforms) = postSolution
		{65AA98B6-A2B8-4776-B926-437E6312958E}.Debug|Any CPU.ActiveCfg = Debug|Any CPU
		{65AA98B6-A2B8-4776-B926-437E6312958E}.Debug|Any CPU.Build.0 = Debug|Any CPU
		{65AA98B6-A2B8-4776-B926-437E6312958E}.Release|Any CPU.ActiveCfg = Release|Any CPU
		{65AA98B6-A2B8-4776-B926-437E6312958E}.Release|Any CPU.Build.0 = Release|Any CPU
		{EB1BE3A4-8404-4929-BA14-33E38386A270}.Debug|Any CPU.ActiveCfg = Debug|Any CPU
		{EB1BE3A4-8404-4929-BA14-33E38386A270}.Debug|Any CPU.Build.0 = Debug|Any CPU
		{EB1BE3A4-8404-4929-BA14-33E38386A270}.Release|Any CPU.ActiveCfg = Release|Any CPU
		{EB1BE3A4-8404-4929-BA14-33E38386A270}.Release|Any CPU.Build.0 = Release|Any CPU
		{635E94BE-2B76-4F75-A6FB-C35380B09051}.Debug|Any CPU.ActiveCfg = Debug|Any CPU
		{635E94BE-2B76-4F75-A6FB-C35380B09051}.Debug|Any CPU.Build.0 = Debug|Any CPU
		{635E94BE-2B76-4F75-A6FB-C35380B09051}.Release|Any CPU.ActiveCfg = Release|Any CPU
		{635E94BE-2B76-4F75-A6FB-C35380B09051}.Release|Any CPU.Build.0 = Release|Any CPU
		{357BF3C8-7905-4F92-B552-528CFDB73A53}.Debug|Any CPU.ActiveCfg = Debug|Any CPU
		{357BF3C8-7905-4F92-B552-528CFDB73A53}.Debug|Any CPU.Build.0 = Debug|Any CPU
		{357BF3C8-7905-4F92-B552-528CFDB73A53}.Release|Any CPU.ActiveCfg = Release|Any CPU
		{357BF3C8-7905-4F92-B552-528CFDB73A53}.Release|Any CPU.Build.0 = Release|Any CPU
	EndGlobalSection
	GlobalSection(SolutionProperties) = preSolution
		HideSolutionNode = FALSE
	EndGlobalSection
	GlobalSection(ExtensibilityGlobals) = postSolution
		SolutionGuid = {D1C26B60-DCAA-4C4B-B8ED-DA39CBB861DD}
	EndGlobalSection
EndGlobal
